
Microsoft Visual Studio Solution File, Format Version 12.00
# Visual Studio Version 16
VisualStudioVersion = 16.0.32802.440
MinimumVisualStudioVersion = 10.0.40219.1
Project("{FAE04EC0-301F-11D3-BF4B-00C04F79EFBC}") = "Squares", "Squares.csproj", "{8B80FF26-8D8F-4095-891A-D5B2B43305F7}"
EndProject
Project("{FAE04EC0-301F-11D3-BF4B-00C04F79EFBC}") = "SquaresTests", "..\SquaresTests\SquaresTests.csproj", "{650465B4-0DE1-47F2-B4D3-6435AD31F086}"
EndProject
Global
	GlobalSection(SolutionConfigurationPlatforms) = preSolution
		Debug|Any CPU = Debug|Any CPU
		Release|Any CPU = Release|Any CPU
	EndGlobalSection
	GlobalSection(ProjectConfigurationPlatforms) = postSolution
		{8B80FF26-8D8F-4095-891A-D5B2B43305F7}.Debug|Any CPU.ActiveCfg = Debug|Any CPU
		{8B80FF26-8D8F-4095-891A-D5B2B43305F7}.Debug|Any CPU.Build.0 = Debug|Any CPU
		{8B80FF26-8D8F-4095-891A-D5B2B43305F7}.Release|Any CPU.ActiveCfg = Release|Any CPU
		{8B80FF26-8D8F-4095-891A-D5B2B43305F7}.Release|Any CPU.Build.0 = Release|Any CPU
		{650465B4-0DE1-47F2-B4D3-6435AD31F086}.Debug|Any CPU.ActiveCfg = Debug|Any CPU
		{650465B4-0DE1-47F2-B4D3-6435AD31F086}.Debug|Any CPU.Build.0 = Debug|Any CPU
		{650465B4-0DE1-47F2-B4D3-6435AD31F086}.Release|Any CPU.ActiveCfg = Release|Any CPU
		{650465B4-0DE1-47F2-B4D3-6435AD31F086}.Release|Any CPU.Build.0 = Release|Any CPU
	EndGlobalSection
	GlobalSection(SolutionProperties) = preSolution
		HideSolutionNode = FALSE
	EndGlobalSection
	GlobalSection(ExtensibilityGlobals) = postSolution
		SolutionGuid = {54617F8D-B887-4A25-97AB-1F3E03DD2A28}
	EndGlobalSection
EndGlobal
